
Microsoft Visual Studio Solution File, Format Version 12.00
# Visual Studio Version 17
VisualStudioVersion = 17.14.36717.8 d17.14
MinimumVisualStudioVersion = 10.0.40219.1
Project("{8BC9CEB8-8B4A-11D0-8D11-00A0C91BC942}") = "Gyro", "Gyro.vcxproj", "{FF75B4D3-6246-9B5C-01FE-EA91F48B8527}"
EndProject
Global
	GlobalSection(SolutionConfigurationPlatforms) = preSolution
		Debug|VisualGDB = Debug|VisualGDB
		Release|VisualGDB = Release|VisualGDB
	EndGlobalSection
	GlobalSection(ProjectConfigurationPlatforms) = postSolution
		{FF75B4D3-6246-9B5C-01FE-EA91F48B8527}.Debug|VisualGDB.ActiveCfg = Debug|VisualGDB
		{FF75B4D3-6246-9B5C-01FE-EA91F48B8527}.Debug|VisualGDB.Build.0 = Debug|VisualGDB
		{FF75B4D3-6246-9B5C-01FE-EA91F48B8527}.Release|VisualGDB.ActiveCfg = Release|VisualGDB
		{FF75B4D3-6246-9B5C-01FE-EA91F48B8527}.Release|VisualGDB.Build.0 = Release|VisualGDB
	EndGlobalSection
	GlobalSection(SolutionProperties) = preSolution
		HideSolutionNode = FALSE
	EndGlobalSection
	GlobalSection(ExtensibilityGlobals) = postSolution
		SolutionGuid = {5A86BAA4-3D51-49A1-BF95-762D8EBB9FF8}
	EndGlobalSection
EndGlobal
